{
  "name": "Weather-Forecast",
  "version": "0.0.0",
  "lockfileVersion": 3,
  "requires": true,
  "private": true,
  "type": "module",
  "packages": {},
  "devDependencies": {
    "@types/react": "^18.2.15"
  },
  "scripts": {
    "build": "vite build",
    "dev": "vite",
    "lint": "eslint . --ext js,jsx --report-unused-disable-directives --max-warnings 0",
    "preview": "vite preview"
  }
}
